Microsoft Visual Studio Solution File, Format Version 12.00
# Visual Studio Version 17
VisualStudioVersion = 17.5.2.0
MinimumVisualStudioVersion = 10.0.40219.1
Project("{FAE04EC0-301F-11D3-BF4B-00C04F79EFBC}") = "BlazorTest", "BlazorTest.csproj", "{93CC5397-70BD-63C1-7FE9-8165990453E1}"
EndProject
Global
	GlobalSection(SolutionConfigurationPlatforms) = preSolution
		Debug|Any CPU = Debug|Any CPU
		Release|Any CPU = Release|Any CPU
	EndGlobalSection
	GlobalSection(ProjectConfigurationPlatforms) = postSolution
		{93CC5397-70BD-63C1-7FE9-8165990453E1}.Debug|Any CPU.ActiveCfg = Debug|Any CPU
		{93CC5397-70BD-63C1-7FE9-8165990453E1}.Debug|Any CPU.Build.0 = Debug|Any CPU
		{93CC5397-70BD-63C1-7FE9-8165990453E1}.Release|Any CPU.ActiveCfg = Release|Any CPU
		{93CC5397-70BD-63C1-7FE9-8165990453E1}.Release|Any CPU.Build.0 = Release|Any CPU
	EndGlobalSection
	GlobalSection(SolutionProperties) = preSolution
		HideSolutionNode = FALSE
	EndGlobalSection
	GlobalSection(ExtensibilityGlobals) = postSolution
		SolutionGuid = {D7CCDCD5-1FE6-443D-AF16-4018B45ECBB4}
	EndGlobalSection
EndGlobal
